
Microsoft Visual Studio Solution File, Format Version 12.00
# Visual Studio Version 17
VisualStudioVersion = 17.14.36717.8
MinimumVisualStudioVersion = 10.0.40219.1
Project("{FAE04EC0-301F-11D3-BF4B-00C04F79EFBC}") = "ButcherShop", "ButcherShop\ButcherShop.csproj", "{CD7BDF37-9723-481E-A6CA-8A51E63BC23E}"
EndProject
Project("{FAE04EC0-301F-11D3-BF4B-00C04F79EFBC}") = "ButcherShop.Entity", "ButcherShop.Entity\ButcherShop.Entity.csproj", "{68DAA4F0-FD09-4A99-89C0-0085AE80089A}"
EndProject
Project("{FAE04EC0-301F-11D3-BF4B-00C04F79EFBC}") = "ButcherShop.DataAccess", "ButcherShop.DataAccess\ButcherShop.DataAccess.csproj", "{80AF011C-0FD8-4B58-A3A7-05250811D62C}"
EndProject
Project("{FAE04EC0-301F-11D3-BF4B-00C04F79EFBC}") = "ButcherShop.WebUI", "ButcherShop.WebUI\ButcherShop.WebUI.csproj", "{C726180A-E4F5-4B35-A9E8-7F0430AD7255}"
EndProject
Project("{FAE04EC0-301F-11D3-BF4B-00C04F79EFBC}") = "ButcherShop.Business", "ButcherShop.Business\ButcherShop.Business.csproj", "{4E4553BE-F1CF-4FBC-9234-1A9939D75BE0}"
EndProject
Global
	GlobalSection(SolutionConfigurationPlatforms) = preSolution
		Debug|Any CPU = Debug|Any CPU
		Release|Any CPU = Release|Any CPU
	EndGlobalSection
	GlobalSection(ProjectConfigurationPlatforms) = postSolution
		{CD7BDF37-9723-481E-A6CA-8A51E63BC23E}.Debug|Any CPU.ActiveCfg = Debug|Any CPU
		{CD7BDF37-9723-481E-A6CA-8A51E63BC23E}.Debug|Any CPU.Build.0 = Debug|Any CPU
		{CD7BDF37-9723-481E-A6CA-8A51E63BC23E}.Release|Any CPU.ActiveCfg = Release|Any CPU
		{CD7BDF37-9723-481E-A6CA-8A51E63BC23E}.Release|Any CPU.Build.0 = Release|Any CPU
		{68DAA4F0-FD09-4A99-89C0-0085AE80089A}.Debug|Any CPU.ActiveCfg = Debug|Any CPU
		{68DAA4F0-FD09-4A99-89C0-0085AE80089A}.Debug|Any CPU.Build.0 = Debug|Any CPU
		{68DAA4F0-FD09-4A99-89C0-0085AE80089A}.Release|Any CPU.ActiveCfg = Release|Any CPU
		{68DAA4F0-FD09-4A99-89C0-0085AE80089A}.Release|Any CPU.Build.0 = Release|Any CPU
		{80AF011C-0FD8-4B58-A3A7-05250811D62C}.Debug|Any CPU.ActiveCfg = Debug|Any CPU
		{80AF011C-0FD8-4B58-A3A7-05250811D62C}.Debug|Any CPU.Build.0 = Debug|Any CPU
		{80AF011C-0FD8-4B58-A3A7-05250811D62C}.Release|Any CPU.ActiveCfg = Release|Any CPU
		{80AF011C-0FD8-4B58-A3A7-05250811D62C}.Release|Any CPU.Build.0 = Release|Any CPU
		{C726180A-E4F5-4B35-A9E8-7F0430AD7255}.Debug|Any CPU.ActiveCfg = Debug|Any CPU
		{C726180A-E4F5-4B35-A9E8-7F0430AD7255}.Debug|Any CPU.Build.0 = Debug|Any CPU
		{C726180A-E4F5-4B35-A9E8-7F0430AD7255}.Release|Any CPU.ActiveCfg = Release|Any CPU
		{C726180A-E4F5-4B35-A9E8-7F0430AD7255}.Release|Any CPU.Build.0 = Release|Any CPU
		{4E4553BE-F1CF-4FBC-9234-1A9939D75BE0}.Debug|Any CPU.ActiveCfg = Debug|Any CPU
		{4E4553BE-F1CF-4FBC-9234-1A9939D75BE0}.Debug|Any CPU.Build.0 = Debug|Any CPU
		{4E4553BE-F1CF-4FBC-9234-1A9939D75BE0}.Release|Any CPU.ActiveCfg = Release|Any CPU
		{4E4553BE-F1CF-4FBC-9234-1A9939D75BE0}.Release|Any CPU.Build.0 = Release|Any CPU
	EndGlobalSection
	GlobalSection(SolutionProperties) = preSolution
		HideSolutionNode = FALSE
	EndGlobalSection
	GlobalSection(ExtensibilityGlobals) = postSolution
		SolutionGuid = {3D8AAC05-41D7-4781-92C9-68F4C700DDF0}
	EndGlobalSection
EndGlobal
